
Microsoft Visual Studio Solution File, Format Version 12.00
# Visual Studio Version 17
VisualStudioVersion = 17.0.32014.148
MinimumVisualStudioVersion = 10.0.40219.1
Project("{FAE04EC0-301F-11D3-BF4B-00C04F79EFBC}") = "FilePreviewer", "FilePreviewer.csproj", "{DA5A62B5-23A2-4E97-A068-3D5227F79A9D}"
EndProject
Global
	GlobalSection(SolutionConfigurationPlatforms) = preSolution
		Debug|Any CPU = Debug|Any CPU
		Release|Any CPU = Release|Any CPU
	EndGlobalSection
	GlobalSection(ProjectConfigurationPlatforms) = postSolution
		{DA5A62B5-23A2-4E97-A068-3D5227F79A9D}.Debug|Any CPU.ActiveCfg = Debug|Any CPU
		{DA5A62B5-23A2-4E97-A068-3D5227F79A9D}.Debug|Any CPU.Build.0 = Debug|Any CPU
		{DA5A62B5-23A2-4E97-A068-3D5227F79A9D}.Release|Any CPU.ActiveCfg = Release|Any CPU
		{DA5A62B5-23A2-4E97-A068-3D5227F79A9D}.Release|Any CPU.Build.0 = Release|Any CPU
	EndGlobalSection
	GlobalSection(SolutionProperties) = preSolution
		HideSolutionNode = FALSE
	EndGlobalSection
	GlobalSection(ExtensibilityGlobals) = postSolution
		SolutionGuid = {A6C16CA3-214D-475A-87BD-A092378501DE}
	EndGlobalSection
EndGlobal
